// !$*UTF8*$!
{
	archiveVersion = 1;
	classes = {
	};
	objectVersion = 48;
	objects = {

/* Begin PBXBuildFile section */
		D9195C7621E1FB71002F1515 /* AppDelegate.swift in Sources */ = {isa = PBXBuildFile; fileRef = D9195C7521E1FB71002F1515 /* AppDelegate.swift */; };
		D9195C7821E1FB71002F1515 /* ViewController.swift in Sources */ = {isa = PBXBuildFile; fileRef = D9195C7721E1FB71002F1515 /* ViewController.swift */; };
		D9195C7B21E1FB71002F1515 /* Main.storyboard in Resources */ = {isa = PBXBuildFile; fileRef = D9195C7921E1FB71002F1515 /* Main.storyboard */; };
		D9195C7D21E1FB71002F1515 /* Assets.xcassets in Resources */ = {isa = PBXBuildFile; fileRef = D9195C7C21E1FB71002F1515 /* Assets.xcassets */; };
		D9195C8021E1FB71002F1515 /* LaunchScreen.storyboard in Resources */ = {isa = PBXBuildFile; fileRef = D9195C7E21E1FB71002F1515 /* LaunchScreen.storyboard */; };
		D9195C8821E1FB99002F1515 /* APIController.swift in Sources */ = {isa = PBXBuildFile; fileRef = D9195C8721E1FB99002F1515 /* APIController.swift */; };
		D9195C8A21E1FBBB002F1515 /* TweetModel.swift in Sources */ = {isa = PBXBuildFile; fileRef = D9195C8921E1FBBB002F1515 /* TweetModel.swift */; };
		D9195C8E21E22C56002F1515 /* TweetCell.swift in Sources */ = {isa = PBXBuildFile; fileRef = D9195C8D21E22C56002F1515 /* TweetCell.swift */; };
/* End PBXBuildFile section */

/* Begin PBXFileReference section */
		D9195C7221E1FB71002F1515 /* d04.app */ = {isa = PBXFileReference; explicitFileType = wrapper.application; includeInIndex = 0; path = d04.app; sourceTree = BUILT_PRODUCTS_DIR; };
		D9195C7521E1FB71002F1515 /* AppDelegate.swift */ = {isa = PBXFileReference; lastKnownFileType = sourcecode.swift; path = AppDelegate.swift; sourceTree = "<group>"; };
		D9195C7721E1FB71002F1515 /* ViewController.swift */ = {isa = PBXFileReference; lastKnownFileType = sourcecode.swift; path = ViewController.swift; sourceTree = "<group>"; };
		D9195C7A21E1FB71002F1515 /* Base */ = {isa = PBXFileReference; lastKnownFileType = file.storyboard; name = Base; path = Base.lproj/Main.storyboard; sourceTree = "<group>"; };
		D9195C7C21E1FB71002F1515 /* Assets.xcassets */ = {isa = PBXFileReference; lastKnownFileType = folder.assetcatalog; path = Assets.xcassets; sourceTree = "<group>"; };
		D9195C7F21E1FB71002F1515 /* Base */ = {isa = PBXFileReference; lastKnownFileType = file.storyboard; name = Base; path = Base.lproj/LaunchScreen.storyboard; sourceTree = "<group>"; };
		D9195C8121E1FB71002F1515 /* Info.plist */ = {isa = PBXFileReference; lastKnownFileType = text.plist.xml; path = Info.plist; sourceTree = "<group>"; };
		D9195C8721E1FB99002F1515 /* APIController.swift */ = {isa = PBXFileReference; lastKnownFileType = sourcecode.swift; path = APIController.swift; sourceTree = "<group>"; };
		D9195C8921E1FBBB002F1515 /* TweetModel.swift */ = {isa = PBXFileReference; lastKnownFileType = sourcecode.swift; path = TweetModel.swift; sourceTree = "<group>"; };
		D9195C8D21E22C56002F1515 /* TweetCell.swift */ = {isa = PBXFileReference; lastKnownFileType = sourcecode.swift; path = TweetCell.swift; sourceTree = "<group>"; };
/* End PBXFileReference section */

/* Begin PBXFrameworksBuildPhase section */
		D9195C6F21E1FB71002F1515 /* Frameworks */ = {
			isa = PBXFrameworksBuildPhase;
			buildActionMask = 2147483647;
			files = (
			);
			runOnlyForDeploymentPostprocessing = 0;
		};
/* End PBXFrameworksBuildPhase section */

/* Begin PBXGroup section */
		D9195C6921E1FB71002F1515 = {
			isa = PBXGroup;
			children = (
				D9195C7421E1FB71002F1515 /* d04 */,
				D9195C7321E1FB71002F1515 /* Products */,
			);
			sourceTree = "<group>";
		};
		D9195C7321E1FB71002F1515 /* Products */ = {
			isa = PBXGroup;
			children = (
				D9195C7221E1FB71002F1515 /* d04.app */,
			);
			name = Products;
			sourceTree = "<group>";
		};
		D9195C7421E1FB71002F1515 /* d04 */ = {
			isa = PBXGroup;
			children = (
				D9195C7521E1FB71002F1515 /* AppDelegate.swift */,
				D9195C7721E1FB71002F1515 /* ViewController.swift */,
				D9195C7921E1FB71002F1515 /* Main.storyboard */,
				D9195C7C21E1FB71002F1515 /* Assets.xcassets */,
				D9195C7E21E1FB71002F1515 /* LaunchScreen.storyboard */,
				D9195C8121E1FB71002F1515 /* Info.plist */,
				D9195C8721E1FB99002F1515 /* APIController.swift */,
				D9195C8921E1FBBB002F1515 /* TweetModel.swift */,
				D9195C8D21E22C56002F1515 /* TweetCell.swift */,
			);
			path = d04;
			sourceTree = "<group>";
		};
/* End PBXGroup section */

/* Begin PBXNativeTarget section */
		D9195C7121E1FB71002F1515 /* d04 */ = {
			isa = PBXNativeTarget;
			buildConfigurationList = D9195C8421E1FB71002F1515 /* Build configuration list for PBXNativeTarget "d04" */;
			buildPhases = (
				D9195C6E21E1FB71002F1515 /* Sources */,
				D9195C6F21E1FB71002F1515 /* Frameworks */,
				D9195C7021E1FB71002F1515 /* Resources */,
			);
			buildRules = (
			);
			dependencies = (
			);
			name = d04;
			productName = d04;
			productReference = D9195C7221E1FB71002F1515 /* d04.app */;
			productType = "com.apple.product-type.application";
		};
/* End PBXNativeTarget section */

/* Begin PBXProject section */
		D9195C6A21E1FB71002F1515 /* Project object */ = {
			isa = PBXProject;
			attributes = {
				LastSwiftUpdateCheck = 0920;
				LastUpgradeCheck = 0920;
				ORGANIZATIONNAME = "Morgane DUBUS";
				TargetAttributes = {
					D9195C7121E1FB71002F1515 = {
						CreatedOnToolsVersion = 9.2;
						ProvisioningStyle = Automatic;
					};
				};
			};
			buildConfigurationList = D9195C6D21E1FB71002F1515 /* Build configuration list for PBXProject "d04" */;
			compatibilityVersion = "Xcode 8.0";
			developmentRegion = en;
			hasScannedForEncodings = 0;
			knownRegions = (
				en,
				Base,
			);
			mainGroup = D9195C6921E1FB71002F1515;
			productRefGroup = D9195C7321E1FB71002F1515 /* Products */;
			projectDirPath = "";
			projectRoot = "";
			targets = (
				D9195C7121E1FB71002F1515 /* d04 */,
			);
		};
/* End PBXProject section */

/* Begin PBXResourcesBuildPhase section */
		D9195C7021E1FB71002F1515 /* Resources */ = {
			isa = PBXResourcesBuildPhase;
			buildActionMask = 2147483647;
			files = (
				D9195C8021E1FB71002F1515 /* LaunchScreen.storyboard in Resources */,
				D9195C7D21E1FB71002F1515 /* Assets.xcassets in Resources */,
				D9195C7B21E1FB71002F1515 /* Main.storyboard in Resources */,
			);
			runOnlyForDeploymentPostprocessing = 0;
		};
/* End PBXResourcesBuildPhase section */

/* Begin PBXSourcesBuildPhase section */
		D9195C6E21E1FB71002F1515 /* Sources */ = {
			isa = PBXSourcesBuildPhase;
			buildActionMask = 2147483647;
			files = (
				D9195C7821E1FB71002F1515 /* ViewController.swift in Sources */,
				D9195C8A21E1FBBB002F1515 /* TweetModel.swift in Sources */,
				D9195C8E21E22C56002F1515 /* TweetCell.swift in Sources */,
				D9195C7621E1FB71002F1515 /* AppDelegate.swift in Sources */,
				D9195C8821E1FB99002F1515 /* APIController.swift in Sources */,
			);
			runOnlyForDeploymentPostprocessing = 0;
		};
/* End PBXSourcesBuildPhase section */

/* Begin PBXVariantGroup section */
		D9195C7921E1FB71002F1515 /* Main.storyboard */ = {
			isa = PBXVariantGroup;
			children = (
				D9195C7A21E1FB71002F1515 /* Base */,
			);
			name = Main.storyboard;
			sourceTree = "<group>";
		};
		D9195C7E21E1FB71002F1515 /* LaunchScreen.storyboard */ = {
			isa = PBXVariantGroup;
			children = (
				D9195C7F21E1FB71002F1515 /* Base */,
			);
			name = LaunchScreen.storyboard;
			sourceTree = "<group>";
		};
/* End PBXVariantGroup section */

/* Begin XCBuildConfiguration section */
		D9195C8221E1FB71002F1515 /* Debug */ = {
			isa = XCBuildConfiguration;
			buildSettings = {
				ALWAYS_SEARCH_USER_PATHS = NO;
				CLANG_ANALYZER_NONNULL = YES;
				CLANG_ANALYZER_NUMBER_OBJECT_CONVERSION = YES_AGGRESSIVE;
				CLANG_CXX_LANGUAGE_STANDARD = "gnu++14";
				CLANG_CXX_LIBRARY = "libc++";
				CLANG_ENABLE_MODULES = YES;
				CLANG_ENABLE_OBJC_ARC = YES;
				CLANG_WARN_BLOCK_CAPTURE_AUTORELEASING = YES;
				CLANG_WARN_BOOL_CONVERSION = YES;
				CLANG_WARN_COMMA = YES;
				CLANG_WARN_CONSTANT_CONVERSION = YES;
				CLANG_WARN_DIRECT_OBJC_ISA_USAGE = YES_ERROR;
				CLANG_WARN_DOCUMENTATION_COMMENTS = YES;
				CLANG_WARN_EMPTY_BODY = YES;
				CLANG_WARN_ENUM_CONVERSION = YES;
				CLANG_WARN_INFINITE_RECURSION = YES;
				CLANG_WARN_INT_CONVERSION = YES;
				CLANG_WARN_NON_LITERAL_NULL_CONVERSION = YES;
				CLANG_WARN_OBJC_LITERAL_CONVERSION = YES;
				CLANG_WARN_OBJC_ROOT_CLASS = YES_ERROR;
				CLANG_WARN_RANGE_LOOP_ANALYSIS = YES;
				CLANG_WARN_STRICT_PROTOTYPES = YES;
				CLANG_WARN_SUSPICIOUS_MOVE = YES;
				CLANG_WARN_UNGUARDED_AVAILABILITY = YES_AGGRESSIVE;
				CLANG_WARN_UNREACHABLE_CODE = YES;
				CLANG_WARN__DUPLICATE_METHOD_MATCH = YES;
				CODE_SIGN_IDENTITY = "iPhone Developer";
				COPY_PHASE_STRIP = NO;
				DEBUG_INFORMATION_FORMAT = dwarf;
				ENABLE_STRICT_OBJC_MSGSEND = YES;
				ENABLE_TESTABILITY = YES;
				GCC_C_LANGUAGE_STANDARD = gnu11;
				GCC_DYNAMIC_NO_PIC = NO;
				GCC_NO_COMMON_BLOCKS = YES;
				GCC_OPTIMIZATION_LEVEL = 0;
				GCC_PREPROCESSOR_DEFINITIONS = (
					"DEBUG=1",
					"$(inherited)",
				);
				GCC_WARN_64_TO_32_BIT_CONVERSION = YES;
				GCC_WARN_ABOUT_RETURN_TYPE = YES_ERROR;
				GCC_WARN_UNDECLARED_SELECTOR = YES;
				GCC_WARN_UNINITIALIZED_AUTOS = YES_AGGRESSIVE;
				GCC_WARN_UNUSED_FUNCTION = YES;
				GCC_WARN_UNUSED_VARIABLE = YES;
				IPHONEOS_DEPLOYMENT_TARGET = 11.2;
				MTL_ENABLE_DEBUG_INFO = YES;
				ONLY_ACTIVE_ARCH = YES;
				SDKROOT = iphoneos;
				SWIFT_ACTIVE_COMPILATION_CONDITIONS = DEBUG;
				SWIFT_OPTIMIZATION_LEVEL = "-Onone";
			};
			name = Debug;
		};
		D9195C8321E1FB71002F1515 /* Release */ = {
			isa = XCBuildConfiguration;
			buildSettings = {
				ALWAYS_SEARCH_USER_PATHS = NO;
				CLANG_ANALYZER_NONNULL = YES;
				CLANG_ANALYZER_NUMBER_OBJECT_CONVERSION = YES_AGGRESSIVE;
				CLANG_CXX_LANGUAGE_STANDARD = "gnu++14";
				CLANG_CXX_LIBRARY = "libc++";
				CLANG_ENABLE_MODULES = YES;
				CLANG_ENABLE_OBJC_ARC = YES;
				CLANG_WARN_BLOCK_CAPTURE_AUTORELEASING = YES;
				CLANG_WARN_BOOL_CONVERSION = YES;
				CLANG_WARN_COMMA = YES;
				CLANG_WARN_CONSTANT_CONVERSION = YES;
				CLANG_WARN_DIRECT_OBJC_ISA_USAGE = YES_ERROR;
				CLANG_WARN_DOCUMENTATION_COMMENTS = YES;
				CLANG_WARN_EMPTY_BODY = YES;
				CLANG_WARN_ENUM_CONVERSION = YES;
				CLANG_WARN_INFINITE_RECURSION = YES;
				CLANG_WARN_INT_CONVERSION = YES;
				CLANG_WARN_NON_LITERAL_NULL_CONVERSION = YES;
				CLANG_WARN_OBJC_LITERAL_CONVERSION = YES;
				CLANG_WARN_OBJC_ROOT_CLASS = YES_ERROR;
				CLANG_WARN_RANGE_LOOP_ANALYSIS = YES;
				CLANG_WARN_STRICT_PROTOTYPES = YES;
				CLANG_WARN_SUSPICIOUS_MOVE = YES;
				CLANG_WARN_UNGUARDED_AVAILABILITY = YES_AGGRESSIVE;
				CLANG_WARN_UNREACHABLE_CODE = YES;
				CLANG_WARN__DUPLICATE_METHOD_MATCH = YES;
				CODE_SIGN_IDENTITY = "iPhone Developer";
				COPY_PHASE_STRIP = NO;
				DEBUG_INFORMATION_FORMAT = "dwarf-with-dsym";
				ENABLE_NS_ASSERTIONS = NO;
				ENABLE_STRICT_OBJC_MSGSEND = YES;
				GCC_C_LANGUAGE_STANDARD = gnu11;
				GCC_NO_COMMON_BLOCKS = YES;
				GCC_WARN_64_TO_32_BIT_CONVERSION = YES;
				GCC_WARN_ABOUT_RETURN_TYPE = YES_ERROR;
				GCC_WARN_UNDECLARED_SELECTOR = YES;
				GCC_WARN_UNINITIALIZED_AUTOS = YES_AGGRESSIVE;
				GCC_WARN_UNUSED_FUNCTION = YES;
				GCC_WARN_UNUSED_VARIABLE = YES;
				IPHONEOS_DEPLOYMENT_TARGET = 11.2;
				MTL_ENABLE_DEBUG_INFO = NO;
				SDKROOT = iphoneos;
				SWIFT_OPTIMIZATION_LEVEL = "-Owholemodule";
				VALIDATE_PRODUCT = YES;
			};
			name = Release;
		};
		D9195C8521E1FB71002F1515 /* Debug */ = {
			isa = XCBuildConfiguration;
			buildSettings = {
				ASSETCATALOG_COMPILER_APPICON_NAME = AppIcon;
				CODE_SIGN_STYLE = Automatic;
				INFOPLIST_FILE = d04/Info.plist;
				LD_RUNPATH_SEARCH_PATHS = "$(inherited) @executable_path/Frameworks";
				PRODUCT_BUNDLE_IDENTIFIER = mdubus.d04;
				PRODUCT_NAME = "$(TARGET_NAME)";
				SWIFT_VERSION = 4.0;
				TARGETED_DEVICE_FAMILY = "1,2";
			};
			name = Debug;
		};
		D9195C8621E1FB71002F1515 /* Release */ = {
			isa = XCBuildConfiguration;
			buildSettings = {
				ASSETCATALOG_COMPILER_APPICON_NAME = AppIcon;
				CODE_SIGN_STYLE = Automatic;
				INFOPLIST_FILE = d04/Info.plist;
				LD_RUNPATH_SEARCH_PATHS = "$(inherited) @executable_path/Frameworks";
				PRODUCT_BUNDLE_IDENTIFIER = mdubus.d04;
				PRODUCT_NAME = "$(TARGET_NAME)";
				SWIFT_VERSION = 4.0;
				TARGETED_DEVICE_FAMILY = "1,2";
			};
			name = Release;
		};
/* End XCBuildConfiguration section */

/* Begin XCConfigurationList section */
		D9195C6D21E1FB71002F1515 /* Build configuration list for PBXProject "d04" */ = {
			isa = XCConfigurationList;
			buildConfigurations = (
				D9195C8221E1FB71002F1515 /* Debug */,
				D9195C8321E1FB71002F1515 /* Release */,
			);
			defaultConfigurationIsVisible = 0;
			defaultConfigurationName = Release;
		};
		D9195C8421E1FB71002F1515 /* Build configuration list for PBXNativeTarget "d04" */ = {
			isa = XCConfigurationList;
			buildConfigurations = (
				D9195C8521E1FB71002F1515 /* Debug */,
				D9195C8621E1FB71002F1515 /* Release */,
			);
			defaultConfigurationIsVisible = 0;
			defaultConfigurationName = Release;
		};
/* End XCConfigurationList section */
	};
	rootObject = D9195C6A21E1FB71002F1515 /* Project object */;
}
