// !$*UTF8*$!
{
	archiveVersion = 1;
	classes = {
	};
	objectVersion = 48;
	objects = {

/* Begin PBXBuildFile section */
		224B5E8522451EAD00694C5A /* ImageViewController.swift in Sources */ = {isa = PBXBuildFile; fileRef = 224B5E8422451EAD00694C5A /* ImageViewController.swift */; };
		D904DD1222438F3500BAC2D4 /* AppDelegate.swift in Sources */ = {isa = PBXBuildFile; fileRef = D904DD1122438F3500BAC2D4 /* AppDelegate.swift */; };
		D904DD1722438F3500BAC2D4 /* Main.storyboard in Resources */ = {isa = PBXBuildFile; fileRef = D904DD1522438F3500BAC2D4 /* Main.storyboard */; };
		D904DD1922438F3500BAC2D4 /* Assets.xcassets in Resources */ = {isa = PBXBuildFile; fileRef = D904DD1822438F3500BAC2D4 /* Assets.xcassets */; };
		D904DD1C22438F3500BAC2D4 /* LaunchScreen.storyboard in Resources */ = {isa = PBXBuildFile; fileRef = D904DD1A22438F3500BAC2D4 /* LaunchScreen.storyboard */; };
		D904DD242243992F00BAC2D4 /* Images.swift in Sources */ = {isa = PBXBuildFile; fileRef = D904DD232243992F00BAC2D4 /* Images.swift */; };
		D904DD262243AB3D00BAC2D4 /* collectionViewCell.swift in Sources */ = {isa = PBXBuildFile; fileRef = D904DD252243AB3D00BAC2D4 /* collectionViewCell.swift */; };
		D99ABD9F2243C7CF00BA47ED /* CollectionViewController.swift in Sources */ = {isa = PBXBuildFile; fileRef = D99ABD9E2243C7CF00BA47ED /* CollectionViewController.swift */; };
/* End PBXBuildFile section */

/* Begin PBXFileReference section */
		224B5E8422451EAD00694C5A /* ImageViewController.swift */ = {isa = PBXFileReference; lastKnownFileType = sourcecode.swift; path = ImageViewController.swift; sourceTree = "<group>"; };
		D904DD0E22438F3500BAC2D4 /* d03-vp.app */ = {isa = PBXFileReference; explicitFileType = wrapper.application; includeInIndex = 0; path = "d03-vp.app"; sourceTree = BUILT_PRODUCTS_DIR; };
		D904DD1122438F3500BAC2D4 /* AppDelegate.swift */ = {isa = PBXFileReference; lastKnownFileType = sourcecode.swift; path = AppDelegate.swift; sourceTree = "<group>"; };
		D904DD1622438F3500BAC2D4 /* Base */ = {isa = PBXFileReference; lastKnownFileType = file.storyboard; name = Base; path = Base.lproj/Main.storyboard; sourceTree = "<group>"; };
		D904DD1822438F3500BAC2D4 /* Assets.xcassets */ = {isa = PBXFileReference; lastKnownFileType = folder.assetcatalog; path = Assets.xcassets; sourceTree = "<group>"; };
		D904DD1B22438F3500BAC2D4 /* Base */ = {isa = PBXFileReference; lastKnownFileType = file.storyboard; name = Base; path = Base.lproj/LaunchScreen.storyboard; sourceTree = "<group>"; };
		D904DD1D22438F3500BAC2D4 /* Info.plist */ = {isa = PBXFileReference; lastKnownFileType = text.plist.xml; path = Info.plist; sourceTree = "<group>"; };
		D904DD232243992F00BAC2D4 /* Images.swift */ = {isa = PBXFileReference; lastKnownFileType = sourcecode.swift; path = Images.swift; sourceTree = "<group>"; };
		D904DD252243AB3D00BAC2D4 /* collectionViewCell.swift */ = {isa = PBXFileReference; lastKnownFileType = sourcecode.swift; path = collectionViewCell.swift; sourceTree = "<group>"; };
		D99ABD9E2243C7CF00BA47ED /* CollectionViewController.swift */ = {isa = PBXFileReference; lastKnownFileType = sourcecode.swift; path = CollectionViewController.swift; sourceTree = "<group>"; };
/* End PBXFileReference section */

/* Begin PBXFrameworksBuildPhase section */
		D904DD0B22438F3500BAC2D4 /* Frameworks */ = {
			isa = PBXFrameworksBuildPhase;
			buildActionMask = 2147483647;
			files = (
			);
			runOnlyForDeploymentPostprocessing = 0;
		};
/* End PBXFrameworksBuildPhase section */

/* Begin PBXGroup section */
		D904DD0522438F3500BAC2D4 = {
			isa = PBXGroup;
			children = (
				D904DD1022438F3500BAC2D4 /* d03-vp */,
				D904DD0F22438F3500BAC2D4 /* Products */,
			);
			sourceTree = "<group>";
		};
		D904DD0F22438F3500BAC2D4 /* Products */ = {
			isa = PBXGroup;
			children = (
				D904DD0E22438F3500BAC2D4 /* d03-vp.app */,
			);
			name = Products;
			sourceTree = "<group>";
		};
		D904DD1022438F3500BAC2D4 /* d03-vp */ = {
			isa = PBXGroup;
			children = (
				D904DD1122438F3500BAC2D4 /* AppDelegate.swift */,
				D904DD1522438F3500BAC2D4 /* Main.storyboard */,
				D904DD1822438F3500BAC2D4 /* Assets.xcassets */,
				D904DD1A22438F3500BAC2D4 /* LaunchScreen.storyboard */,
				D904DD1D22438F3500BAC2D4 /* Info.plist */,
				D904DD232243992F00BAC2D4 /* Images.swift */,
				D904DD252243AB3D00BAC2D4 /* collectionViewCell.swift */,
				D99ABD9E2243C7CF00BA47ED /* CollectionViewController.swift */,
				224B5E8422451EAD00694C5A /* ImageViewController.swift */,
			);
			path = "d03-vp";
			sourceTree = "<group>";
		};
/* End PBXGroup section */

/* Begin PBXNativeTarget section */
		D904DD0D22438F3500BAC2D4 /* d03-vp */ = {
			isa = PBXNativeTarget;
			buildConfigurationList = D904DD2022438F3500BAC2D4 /* Build configuration list for PBXNativeTarget "d03-vp" */;
			buildPhases = (
				D904DD0A22438F3500BAC2D4 /* Sources */,
				D904DD0B22438F3500BAC2D4 /* Frameworks */,
				D904DD0C22438F3500BAC2D4 /* Resources */,
			);
			buildRules = (
			);
			dependencies = (
			);
			name = "d03-vp";
			productName = "d03-vp";
			productReference = D904DD0E22438F3500BAC2D4 /* d03-vp.app */;
			productType = "com.apple.product-type.application";
		};
/* End PBXNativeTarget section */

/* Begin PBXProject section */
		D904DD0622438F3500BAC2D4 /* Project object */ = {
			isa = PBXProject;
			attributes = {
				LastSwiftUpdateCheck = 0920;
				LastUpgradeCheck = 0920;
				ORGANIZATIONNAME = "Morgane DUBUS";
				TargetAttributes = {
					D904DD0D22438F3500BAC2D4 = {
						CreatedOnToolsVersion = 9.2;
						ProvisioningStyle = Automatic;
					};
				};
			};
			buildConfigurationList = D904DD0922438F3500BAC2D4 /* Build configuration list for PBXProject "d03-vp" */;
			compatibilityVersion = "Xcode 8.0";
			developmentRegion = en;
			hasScannedForEncodings = 0;
			knownRegions = (
				en,
				Base,
			);
			mainGroup = D904DD0522438F3500BAC2D4;
			productRefGroup = D904DD0F22438F3500BAC2D4 /* Products */;
			projectDirPath = "";
			projectRoot = "";
			targets = (
				D904DD0D22438F3500BAC2D4 /* d03-vp */,
			);
		};
/* End PBXProject section */

/* Begin PBXResourcesBuildPhase section */
		D904DD0C22438F3500BAC2D4 /* Resources */ = {
			isa = PBXResourcesBuildPhase;
			buildActionMask = 2147483647;
			files = (
				D904DD1C22438F3500BAC2D4 /* LaunchScreen.storyboard in Resources */,
				D904DD1922438F3500BAC2D4 /* Assets.xcassets in Resources */,
				D904DD1722438F3500BAC2D4 /* Main.storyboard in Resources */,
			);
			runOnlyForDeploymentPostprocessing = 0;
		};
/* End PBXResourcesBuildPhase section */

/* Begin PBXSourcesBuildPhase section */
		D904DD0A22438F3500BAC2D4 /* Sources */ = {
			isa = PBXSourcesBuildPhase;
			buildActionMask = 2147483647;
			files = (
				D904DD242243992F00BAC2D4 /* Images.swift in Sources */,
				D904DD262243AB3D00BAC2D4 /* collectionViewCell.swift in Sources */,
				224B5E8522451EAD00694C5A /* ImageViewController.swift in Sources */,
				D904DD1222438F3500BAC2D4 /* AppDelegate.swift in Sources */,
				D99ABD9F2243C7CF00BA47ED /* CollectionViewController.swift in Sources */,
			);
			runOnlyForDeploymentPostprocessing = 0;
		};
/* End PBXSourcesBuildPhase section */

/* Begin PBXVariantGroup section */
		D904DD1522438F3500BAC2D4 /* Main.storyboard */ = {
			isa = PBXVariantGroup;
			children = (
				D904DD1622438F3500BAC2D4 /* Base */,
			);
			name = Main.storyboard;
			sourceTree = "<group>";
		};
		D904DD1A22438F3500BAC2D4 /* LaunchScreen.storyboard */ = {
			isa = PBXVariantGroup;
			children = (
				D904DD1B22438F3500BAC2D4 /* Base */,
			);
			name = LaunchScreen.storyboard;
			sourceTree = "<group>";
		};
/* End PBXVariantGroup section */

/* Begin XCBuildConfiguration section */
		D904DD1E22438F3500BAC2D4 /* Debug */ = {
			isa = XCBuildConfiguration;
			buildSettings = {
				ALWAYS_SEARCH_USER_PATHS = NO;
				CLANG_ANALYZER_NONNULL = YES;
				CLANG_ANALYZER_NUMBER_OBJECT_CONVERSION = YES_AGGRESSIVE;
				CLANG_CXX_LANGUAGE_STANDARD = "gnu++14";
				CLANG_CXX_LIBRARY = "libc++";
				CLANG_ENABLE_MODULES = YES;
				CLANG_ENABLE_OBJC_ARC = YES;
				CLANG_WARN_BLOCK_CAPTURE_AUTORELEASING = YES;
				CLANG_WARN_BOOL_CONVERSION = YES;
				CLANG_WARN_COMMA = YES;
				CLANG_WARN_CONSTANT_CONVERSION = YES;
				CLANG_WARN_DIRECT_OBJC_ISA_USAGE = YES_ERROR;
				CLANG_WARN_DOCUMENTATION_COMMENTS = YES;
				CLANG_WARN_EMPTY_BODY = YES;
				CLANG_WARN_ENUM_CONVERSION = YES;
				CLANG_WARN_INFINITE_RECURSION = YES;
				CLANG_WARN_INT_CONVERSION = YES;
				CLANG_WARN_NON_LITERAL_NULL_CONVERSION = YES;
				CLANG_WARN_OBJC_LITERAL_CONVERSION = YES;
				CLANG_WARN_OBJC_ROOT_CLASS = YES_ERROR;
				CLANG_WARN_RANGE_LOOP_ANALYSIS = YES;
				CLANG_WARN_STRICT_PROTOTYPES = YES;
				CLANG_WARN_SUSPICIOUS_MOVE = YES;
				CLANG_WARN_UNGUARDED_AVAILABILITY = YES_AGGRESSIVE;
				CLANG_WARN_UNREACHABLE_CODE = YES;
				CLANG_WARN__DUPLICATE_METHOD_MATCH = YES;
				CODE_SIGN_IDENTITY = "iPhone Developer";
				COPY_PHASE_STRIP = NO;
				DEBUG_INFORMATION_FORMAT = dwarf;
				ENABLE_STRICT_OBJC_MSGSEND = YES;
				ENABLE_TESTABILITY = YES;
				GCC_C_LANGUAGE_STANDARD = gnu11;
				GCC_DYNAMIC_NO_PIC = NO;
				GCC_NO_COMMON_BLOCKS = YES;
				GCC_OPTIMIZATION_LEVEL = 0;
				GCC_PREPROCESSOR_DEFINITIONS = (
					"DEBUG=1",
					"$(inherited)",
				);
				GCC_WARN_64_TO_32_BIT_CONVERSION = YES;
				GCC_WARN_ABOUT_RETURN_TYPE = YES_ERROR;
				GCC_WARN_UNDECLARED_SELECTOR = YES;
				GCC_WARN_UNINITIALIZED_AUTOS = YES_AGGRESSIVE;
				GCC_WARN_UNUSED_FUNCTION = YES;
				GCC_WARN_UNUSED_VARIABLE = YES;
				IPHONEOS_DEPLOYMENT_TARGET = 11.2;
				MTL_ENABLE_DEBUG_INFO = YES;
				ONLY_ACTIVE_ARCH = YES;
				SDKROOT = iphoneos;
				SWIFT_ACTIVE_COMPILATION_CONDITIONS = DEBUG;
				SWIFT_OPTIMIZATION_LEVEL = "-Onone";
			};
			name = Debug;
		};
		D904DD1F22438F3500BAC2D4 /* Release */ = {
			isa = XCBuildConfiguration;
			buildSettings = {
				ALWAYS_SEARCH_USER_PATHS = NO;
				CLANG_ANALYZER_NONNULL = YES;
				CLANG_ANALYZER_NUMBER_OBJECT_CONVERSION = YES_AGGRESSIVE;
				CLANG_CXX_LANGUAGE_STANDARD = "gnu++14";
				CLANG_CXX_LIBRARY = "libc++";
				CLANG_ENABLE_MODULES = YES;
				CLANG_ENABLE_OBJC_ARC = YES;
				CLANG_WARN_BLOCK_CAPTURE_AUTORELEASING = YES;
				CLANG_WARN_BOOL_CONVERSION = YES;
				CLANG_WARN_COMMA = YES;
				CLANG_WARN_CONSTANT_CONVERSION = YES;
				CLANG_WARN_DIRECT_OBJC_ISA_USAGE = YES_ERROR;
				CLANG_WARN_DOCUMENTATION_COMMENTS = YES;
				CLANG_WARN_EMPTY_BODY = YES;
				CLANG_WARN_ENUM_CONVERSION = YES;
				CLANG_WARN_INFINITE_RECURSION = YES;
				CLANG_WARN_INT_CONVERSION = YES;
				CLANG_WARN_NON_LITERAL_NULL_CONVERSION = YES;
				CLANG_WARN_OBJC_LITERAL_CONVERSION = YES;
				CLANG_WARN_OBJC_ROOT_CLASS = YES_ERROR;
				CLANG_WARN_RANGE_LOOP_ANALYSIS = YES;
				CLANG_WARN_STRICT_PROTOTYPES = YES;
				CLANG_WARN_SUSPICIOUS_MOVE = YES;
				CLANG_WARN_UNGUARDED_AVAILABILITY = YES_AGGRESSIVE;
				CLANG_WARN_UNREACHABLE_CODE = YES;
				CLANG_WARN__DUPLICATE_METHOD_MATCH = YES;
				CODE_SIGN_IDENTITY = "iPhone Developer";
				COPY_PHASE_STRIP = NO;
				DEBUG_INFORMATION_FORMAT = "dwarf-with-dsym";
				ENABLE_NS_ASSERTIONS = NO;
				ENABLE_STRICT_OBJC_MSGSEND = YES;
				GCC_C_LANGUAGE_STANDARD = gnu11;
				GCC_NO_COMMON_BLOCKS = YES;
				GCC_WARN_64_TO_32_BIT_CONVERSION = YES;
				GCC_WARN_ABOUT_RETURN_TYPE = YES_ERROR;
				GCC_WARN_UNDECLARED_SELECTOR = YES;
				GCC_WARN_UNINITIALIZED_AUTOS = YES_AGGRESSIVE;
				GCC_WARN_UNUSED_FUNCTION = YES;
				GCC_WARN_UNUSED_VARIABLE = YES;
				IPHONEOS_DEPLOYMENT_TARGET = 11.2;
				MTL_ENABLE_DEBUG_INFO = NO;
				SDKROOT = iphoneos;
				SWIFT_OPTIMIZATION_LEVEL = "-Owholemodule";
				VALIDATE_PRODUCT = YES;
			};
			name = Release;
		};
		D904DD2122438F3500BAC2D4 /* Debug */ = {
			isa = XCBuildConfiguration;
			buildSettings = {
				ASSETCATALOG_COMPILER_APPICON_NAME = AppIcon;
				CODE_SIGN_STYLE = Automatic;
				INFOPLIST_FILE = "d03-vp/Info.plist";
				LD_RUNPATH_SEARCH_PATHS = "$(inherited) @executable_path/Frameworks";
				PRODUCT_BUNDLE_IDENTIFIER = "mdubus.d03-vp";
				PRODUCT_NAME = "$(TARGET_NAME)";
				SWIFT_VERSION = 4.0;
				TARGETED_DEVICE_FAMILY = "1,2";
			};
			name = Debug;
		};
		D904DD2222438F3500BAC2D4 /* Release */ = {
			isa = XCBuildConfiguration;
			buildSettings = {
				ASSETCATALOG_COMPILER_APPICON_NAME = AppIcon;
				CODE_SIGN_STYLE = Automatic;
				INFOPLIST_FILE = "d03-vp/Info.plist";
				LD_RUNPATH_SEARCH_PATHS = "$(inherited) @executable_path/Frameworks";
				PRODUCT_BUNDLE_IDENTIFIER = "mdubus.d03-vp";
				PRODUCT_NAME = "$(TARGET_NAME)";
				SWIFT_VERSION = 4.0;
				TARGETED_DEVICE_FAMILY = "1,2";
			};
			name = Release;
		};
/* End XCBuildConfiguration section */

/* Begin XCConfigurationList section */
		D904DD0922438F3500BAC2D4 /* Build configuration list for PBXProject "d03-vp" */ = {
			isa = XCConfigurationList;
			buildConfigurations = (
				D904DD1E22438F3500BAC2D4 /* Debug */,
				D904DD1F22438F3500BAC2D4 /* Release */,
			);
			defaultConfigurationIsVisible = 0;
			defaultConfigurationName = Release;
		};
		D904DD2022438F3500BAC2D4 /* Build configuration list for PBXNativeTarget "d03-vp" */ = {
			isa = XCConfigurationList;
			buildConfigurations = (
				D904DD2122438F3500BAC2D4 /* Debug */,
				D904DD2222438F3500BAC2D4 /* Release */,
			);
			defaultConfigurationIsVisible = 0;
			defaultConfigurationName = Release;
		};
/* End XCConfigurationList section */
	};
	rootObject = D904DD0622438F3500BAC2D4 /* Project object */;
}
